{
  "requires": true,
  "lockfileVersion": 1,
  "dependencies": {
    "gcoord": {
      "version": "0.1.2",
      "resolved": "https://registry.npmjs.org/gcoord/-/gcoord-0.1.2.tgz",
      "integrity": "sha512-oyJcVbA2ZTXQf/tjoaR3E/h06wZanS7RitoEccTrd1cJ2ICk7DAgO5w07dFGAm4ux1O737fkMJ4nlsqAEFY02A=="
    }
  }
}
